Microsoft Visual Studio Solution File, Format Version 10.00
# Visual Studio 2008
Project("{8BC9CEB8-8B4A-11D0-8D11-00A0C91BC942}") = "ALL_BUILD", ".\ALL_BUILD.vcproj", "{93D674EA-945A-4C49-9D92-0AC36D8C54E3}"
	ProjectSection(ProjectDependencies) = postProject
		{9F1DE7B3-075F-4036-9D3E-CE7C56BF46D0} = {9F1DE7B3-075F-4036-9D3E-CE7C56BF46D0}
		{7CD7BFC5-788F-4EDD-B191-64DD194B122C} = {7CD7BFC5-788F-4EDD-B191-64DD194B122C}
	EndProjectSection
EndProject
Project("{8BC9CEB8-8B4A-11D0-8D11-00A0C91BC942}") = "INSTALL", ".\INSTALL.vcproj", "{AF9805DA-DB00-4F49-AB38-8758FFDABB3D}"
	ProjectSection(ProjectDependencies) = postProject
		{93D674EA-945A-4C49-9D92-0AC36D8C54E3} = {93D674EA-945A-4C49-9D92-0AC36D8C54E3}
	EndProjectSection
EndProject
Project("{8BC9CEB8-8B4A-11D0-8D11-00A0C91BC942}") = "ZERO_CHECK", ".\ZERO_CHECK.vcproj", "{9F1DE7B3-075F-4036-9D3E-CE7C56BF46D0}"
	ProjectSection(ProjectDependencies) = postProject
	EndProjectSection
EndProject
Project("{8BC9CEB8-8B4A-11D0-8D11-00A0C91BC942}") = "logbook_pi", ".\logbook_pi.vcproj", "{7CD7BFC5-788F-4EDD-B191-64DD194B122C}"
	ProjectSection(ProjectDependencies) = postProject
		{9F1DE7B3-075F-4036-9D3E-CE7C56BF46D0} = {9F1DE7B3-075F-4036-9D3E-CE7C56BF46D0}
		{} = {}
	EndProjectSection
EndProject
Global
	GlobalSection(SolutionConfigurationPlatforms) = preSolution
		Debug|Win32 = Debug|Win32
		Release|Win32 = Release|Win32
		MinSizeRel|Win32 = MinSizeRel|Win32
		RelWithDebInfo|Win32 = RelWithDebInfo|Win32
	EndGlobalSection
	GlobalSection(ProjectConfigurationPlatforms) = postSolution
		{93D674EA-945A-4C49-9D92-0AC36D8C54E3}.Debug|Win32.ActiveCfg = Debug|Win32
		{93D674EA-945A-4C49-9D92-0AC36D8C54E3}.Debug|Win32.Build.0 = Debug|Win32
		{93D674EA-945A-4C49-9D92-0AC36D8C54E3}.Release|Win32.ActiveCfg = Release|Win32
		{93D674EA-945A-4C49-9D92-0AC36D8C54E3}.Release|Win32.Build.0 = Release|Win32
		{93D674EA-945A-4C49-9D92-0AC36D8C54E3}.MinSizeRel|Win32.ActiveCfg = MinSizeRel|Win32
		{93D674EA-945A-4C49-9D92-0AC36D8C54E3}.MinSizeRel|Win32.Build.0 = MinSizeRel|Win32
		{93D674EA-945A-4C49-9D92-0AC36D8C54E3}.RelWithDebInfo|Win32.ActiveCfg = RelWithDebInfo|Win32
		{93D674EA-945A-4C49-9D92-0AC36D8C54E3}.RelWithDebInfo|Win32.Build.0 = RelWithDebInfo|Win32
		{AF9805DA-DB00-4F49-AB38-8758FFDABB3D}.Debug|Win32.ActiveCfg = Debug|Win32
		{AF9805DA-DB00-4F49-AB38-8758FFDABB3D}.Release|Win32.ActiveCfg = Release|Win32
		{AF9805DA-DB00-4F49-AB38-8758FFDABB3D}.MinSizeRel|Win32.ActiveCfg = MinSizeRel|Win32
		{AF9805DA-DB00-4F49-AB38-8758FFDABB3D}.RelWithDebInfo|Win32.ActiveCfg = RelWithDebInfo|Win32
		{9F1DE7B3-075F-4036-9D3E-CE7C56BF46D0}.Debug|Win32.ActiveCfg = Debug|Win32
		{9F1DE7B3-075F-4036-9D3E-CE7C56BF46D0}.Debug|Win32.Build.0 = Debug|Win32
		{9F1DE7B3-075F-4036-9D3E-CE7C56BF46D0}.Release|Win32.ActiveCfg = Release|Win32
		{9F1DE7B3-075F-4036-9D3E-CE7C56BF46D0}.Release|Win32.Build.0 = Release|Win32
		{9F1DE7B3-075F-4036-9D3E-CE7C56BF46D0}.MinSizeRel|Win32.ActiveCfg = MinSizeRel|Win32
		{9F1DE7B3-075F-4036-9D3E-CE7C56BF46D0}.MinSizeRel|Win32.Build.0 = MinSizeRel|Win32
		{9F1DE7B3-075F-4036-9D3E-CE7C56BF46D0}.RelWithDebInfo|Win32.ActiveCfg = RelWithDebInfo|Win32
		{9F1DE7B3-075F-4036-9D3E-CE7C56BF46D0}.RelWithDebInfo|Win32.Build.0 = RelWithDebInfo|Win32
		{7CD7BFC5-788F-4EDD-B191-64DD194B122C}.Debug|Win32.ActiveCfg = Debug|Win32
		{7CD7BFC5-788F-4EDD-B191-64DD194B122C}.Debug|Win32.Build.0 = Debug|Win32
		{7CD7BFC5-788F-4EDD-B191-64DD194B122C}.Release|Win32.ActiveCfg = Release|Win32
		{7CD7BFC5-788F-4EDD-B191-64DD194B122C}.Release|Win32.Build.0 = Release|Win32
		{7CD7BFC5-788F-4EDD-B191-64DD194B122C}.MinSizeRel|Win32.ActiveCfg = MinSizeRel|Win32
		{7CD7BFC5-788F-4EDD-B191-64DD194B122C}.MinSizeRel|Win32.Build.0 = MinSizeRel|Win32
		{7CD7BFC5-788F-4EDD-B191-64DD194B122C}.RelWithDebInfo|Win32.ActiveCfg = RelWithDebInfo|Win32
		{7CD7BFC5-788F-4EDD-B191-64DD194B122C}.RelWithDebInfo|Win32.Build.0 = RelWithDebInfo|Win32
	EndGlobalSection
	GlobalSection(ExtensibilityGlobals) = postSolution
	EndGlobalSection
	GlobalSection(ExtensibilityAddIns) = postSolution
	EndGlobalSection
EndGlobal
