Microsoft Visual Studio Solution File, Format Version 10.00
# Visual Studio 2008
Project("{8BC9CEB8-8B4A-11D0-8D11-00A0C91BC942}") = "ALL_BUILD", ".\ALL_BUILD.vcproj", "{5755A5EC-FD57-4444-B803-9D3AA421AEA0}"
	ProjectSection(ProjectDependencies) = postProject
		{4B2F9C14-4E44-49CD-9039-C1749C09FF0E} = {4B2F9C14-4E44-49CD-9039-C1749C09FF0E}
		{E23D2B14-A2AC-4E7A-8F2E-AA4B7DD57CFF} = {E23D2B14-A2AC-4E7A-8F2E-AA4B7DD57CFF}
	EndProjectSection
EndProject
Project("{8BC9CEB8-8B4A-11D0-8D11-00A0C91BC942}") = "INSTALL", ".\INSTALL.vcproj", "{7FFF4F0A-7544-4A6B-A13E-AF69E74C2956}"
	ProjectSection(ProjectDependencies) = postProject
		{5755A5EC-FD57-4444-B803-9D3AA421AEA0} = {5755A5EC-FD57-4444-B803-9D3AA421AEA0}
	EndProjectSection
EndProject
Project("{8BC9CEB8-8B4A-11D0-8D11-00A0C91BC942}") = "ZERO_CHECK", ".\ZERO_CHECK.vcproj", "{4B2F9C14-4E44-49CD-9039-C1749C09FF0E}"
	ProjectSection(ProjectDependencies) = postProject
	EndProjectSection
EndProject
Project("{8BC9CEB8-8B4A-11D0-8D11-00A0C91BC942}") = "logbook_pi", ".\logbook_pi.vcproj", "{E23D2B14-A2AC-4E7A-8F2E-AA4B7DD57CFF}"
	ProjectSection(ProjectDependencies) = postProject
		{4B2F9C14-4E44-49CD-9039-C1749C09FF0E} = {4B2F9C14-4E44-49CD-9039-C1749C09FF0E}
		{} = {}
	EndProjectSection
EndProject
Global
	GlobalSection(SolutionConfigurationPlatforms) = preSolution
		Debug|Win32 = Debug|Win32
		Release|Win32 = Release|Win32
		MinSizeRel|Win32 = MinSizeRel|Win32
		RelWithDebInfo|Win32 = RelWithDebInfo|Win32
	EndGlobalSection
	GlobalSection(ProjectConfigurationPlatforms) = postSolution
		{5755A5EC-FD57-4444-B803-9D3AA421AEA0}.Debug|Win32.ActiveCfg = Debug|Win32
		{5755A5EC-FD57-4444-B803-9D3AA421AEA0}.Debug|Win32.Build.0 = Debug|Win32
		{5755A5EC-FD57-4444-B803-9D3AA421AEA0}.Release|Win32.ActiveCfg = Release|Win32
		{5755A5EC-FD57-4444-B803-9D3AA421AEA0}.Release|Win32.Build.0 = Release|Win32
		{5755A5EC-FD57-4444-B803-9D3AA421AEA0}.MinSizeRel|Win32.ActiveCfg = MinSizeRel|Win32
		{5755A5EC-FD57-4444-B803-9D3AA421AEA0}.MinSizeRel|Win32.Build.0 = MinSizeRel|Win32
		{5755A5EC-FD57-4444-B803-9D3AA421AEA0}.RelWithDebInfo|Win32.ActiveCfg = RelWithDebInfo|Win32
		{5755A5EC-FD57-4444-B803-9D3AA421AEA0}.RelWithDebInfo|Win32.Build.0 = RelWithDebInfo|Win32
		{7FFF4F0A-7544-4A6B-A13E-AF69E74C2956}.Debug|Win32.ActiveCfg = Debug|Win32
		{7FFF4F0A-7544-4A6B-A13E-AF69E74C2956}.Release|Win32.ActiveCfg = Release|Win32
		{7FFF4F0A-7544-4A6B-A13E-AF69E74C2956}.MinSizeRel|Win32.ActiveCfg = MinSizeRel|Win32
		{7FFF4F0A-7544-4A6B-A13E-AF69E74C2956}.RelWithDebInfo|Win32.ActiveCfg = RelWithDebInfo|Win32
		{4B2F9C14-4E44-49CD-9039-C1749C09FF0E}.Debug|Win32.ActiveCfg = Debug|Win32
		{4B2F9C14-4E44-49CD-9039-C1749C09FF0E}.Debug|Win32.Build.0 = Debug|Win32
		{4B2F9C14-4E44-49CD-9039-C1749C09FF0E}.Release|Win32.ActiveCfg = Release|Win32
		{4B2F9C14-4E44-49CD-9039-C1749C09FF0E}.Release|Win32.Build.0 = Release|Win32
		{4B2F9C14-4E44-49CD-9039-C1749C09FF0E}.MinSizeRel|Win32.ActiveCfg = MinSizeRel|Win32
		{4B2F9C14-4E44-49CD-9039-C1749C09FF0E}.MinSizeRel|Win32.Build.0 = MinSizeRel|Win32
		{4B2F9C14-4E44-49CD-9039-C1749C09FF0E}.RelWithDebInfo|Win32.ActiveCfg = RelWithDebInfo|Win32
		{4B2F9C14-4E44-49CD-9039-C1749C09FF0E}.RelWithDebInfo|Win32.Build.0 = RelWithDebInfo|Win32
		{E23D2B14-A2AC-4E7A-8F2E-AA4B7DD57CFF}.Debug|Win32.ActiveCfg = Debug|Win32
		{E23D2B14-A2AC-4E7A-8F2E-AA4B7DD57CFF}.Debug|Win32.Build.0 = Debug|Win32
		{E23D2B14-A2AC-4E7A-8F2E-AA4B7DD57CFF}.Release|Win32.ActiveCfg = Release|Win32
		{E23D2B14-A2AC-4E7A-8F2E-AA4B7DD57CFF}.Release|Win32.Build.0 = Release|Win32
		{E23D2B14-A2AC-4E7A-8F2E-AA4B7DD57CFF}.MinSizeRel|Win32.ActiveCfg = MinSizeRel|Win32
		{E23D2B14-A2AC-4E7A-8F2E-AA4B7DD57CFF}.MinSizeRel|Win32.Build.0 = MinSizeRel|Win32
		{E23D2B14-A2AC-4E7A-8F2E-AA4B7DD57CFF}.RelWithDebInfo|Win32.ActiveCfg = RelWithDebInfo|Win32
		{E23D2B14-A2AC-4E7A-8F2E-AA4B7DD57CFF}.RelWithDebInfo|Win32.Build.0 = RelWithDebInfo|Win32
	EndGlobalSection
	GlobalSection(ExtensibilityGlobals) = postSolution
	EndGlobalSection
	GlobalSection(ExtensibilityAddIns) = postSolution
	EndGlobalSection
EndGlobal
